// !$*UTF8*$!
{
	archiveVersion = 1;
	classes = {
	};
	objectVersion = 50;
	objects = {

/* Begin PBXBuildFile section */
		073C19BA231E5FD6004B5B9F /* Staircase.swift in Sources */ = {isa = PBXBuildFile; fileRef = 073C19B9231E5FD6004B5B9F /* Staircase.swift */; };
		073C19BD231E6056004B5B9F /* main.swift in Sources */ = {isa = PBXBuildFile; fileRef = 073C19BC231E6056004B5B9F /* main.swift */; };
		073C19C1231E677E004B5B9F /* Mini-MaxSum.swift in Sources */ = {isa = PBXBuildFile; fileRef = 073C19C0231E677E004B5B9F /* Mini-MaxSum.swift */; };
		073C19C3231E69D7004B5B9F /* BirthdayCakeCandies.swift in Sources */ = {isa = PBXBuildFile; fileRef = 073C19C2231E69D7004B5B9F /* BirthdayCakeCandies.swift */; };
		073C19C5231E6AAA004B5B9F /* TimeConversion.swift in Sources */ = {isa = PBXBuildFile; fileRef = 073C19C4231E6AAA004B5B9F /* TimeConversion.swift */; };
		073C19C7231E7755004B5B9F /* GameOfStones.swift in Sources */ = {isa = PBXBuildFile; fileRef = 073C19C6231E7755004B5B9F /* GameOfStones.swift */; };
		384A22DF22B3EE620047D20C /* SortingMethod_QuickSort.cpp in Sources */ = {isa = PBXBuildFile; fileRef = 384A22DD22B3EE610047D20C /* SortingMethod_QuickSort.cpp */; };
		384A22E022B3EE620047D20C /* InsertionSort.cpp in Sources */ = {isa = PBXBuildFile; fileRef = 384A22DE22B3EE610047D20C /* InsertionSort.cpp */; };
		384A22E222B3EE7B0047D20C /* isRotatedExam.cpp in Sources */ = {isa = PBXBuildFile; fileRef = 384A22E122B3EE7B0047D20C /* isRotatedExam.cpp */; };
		384A22E422B3EE870047D20C /* anagramExam.cpp in Sources */ = {isa = PBXBuildFile; fileRef = 384A22E322B3EE870047D20C /* anagramExam.cpp */; };
/* End PBXBuildFile section */

/* Begin PBXCopyFilesBuildPhase section */
		384A22D022B3EE460047D20C /* CopyFiles */ = {
			isa = PBXCopyFilesBuildPhase;
			buildActionMask = 2147483647;
			dstPath = /usr/share/man/man1/;
			dstSubfolderSpec = 0;
			files = (
			);
			runOnlyForDeploymentPostprocessing = 1;
		};
/* End PBXCopyFilesBuildPhase section */

/* Begin PBXFileReference section */
		073C19B9231E5FD6004B5B9F /* Staircase.swift */ = {isa = PBXFileReference; lastKnownFileType = sourcecode.swift; path = Staircase.swift; sourceTree = "<group>"; };
		073C19BC231E6056004B5B9F /* main.swift */ = {isa = PBXFileReference; lastKnownFileType = sourcecode.swift; path = main.swift; sourceTree = "<group>"; };
		073C19C0231E677E004B5B9F /* Mini-MaxSum.swift */ = {isa = PBXFileReference; lastKnownFileType = sourcecode.swift; path = "Mini-MaxSum.swift"; sourceTree = "<group>"; };
		073C19C2231E69D7004B5B9F /* BirthdayCakeCandies.swift */ = {isa = PBXFileReference; lastKnownFileType = sourcecode.swift; path = BirthdayCakeCandies.swift; sourceTree = "<group>"; };
		073C19C4231E6AAA004B5B9F /* TimeConversion.swift */ = {isa = PBXFileReference; lastKnownFileType = sourcecode.swift; path = TimeConversion.swift; sourceTree = "<group>"; };
		073C19C6231E7755004B5B9F /* GameOfStones.swift */ = {isa = PBXFileReference; lastKnownFileType = sourcecode.swift; path = GameOfStones.swift; sourceTree = "<group>"; };
		384A22D222B3EE460047D20C /* CommonAlgorithmPractice */ = {isa = PBXFileReference; explicitFileType = "compiled.mach-o.executable"; includeInIndex = 0; path = CommonAlgorithmPractice; sourceTree = BUILT_PRODUCTS_DIR; };
		384A22DD22B3EE610047D20C /* SortingMethod_QuickSort.cpp */ = {isa = PBXFileReference; fileEncoding = 4; lastKnownFileType = sourcecode.cpp.cpp; path = SortingMethod_QuickSort.cpp; sourceTree = "<group>"; };
		384A22DE22B3EE610047D20C /* InsertionSort.cpp */ = {isa = PBXFileReference; fileEncoding = 4; lastKnownFileType = sourcecode.cpp.cpp; path = InsertionSort.cpp; sourceTree = "<group>"; };
		384A22E122B3EE7B0047D20C /* isRotatedExam.cpp */ = {isa = PBXFileReference; fileEncoding = 4; lastKnownFileType = sourcecode.cpp.cpp; path = isRotatedExam.cpp; sourceTree = "<group>"; };
		384A22E322B3EE870047D20C /* anagramExam.cpp */ = {isa = PBXFileReference; fileEncoding = 4; lastKnownFileType = sourcecode.cpp.cpp; path = anagramExam.cpp; sourceTree = "<group>"; };
/* End PBXFileReference section */

/* Begin PBXFrameworksBuildPhase section */
		384A22CF22B3EE460047D20C /* Frameworks */ = {
			isa = PBXFrameworksBuildPhase;
			buildActionMask = 2147483647;
			files = (
			);
			runOnlyForDeploymentPostprocessing = 0;
		};
/* End PBXFrameworksBuildPhase section */

/* Begin PBXGroup section */
		073C19BB231E5FDF004B5B9F /* Hackerrank */ = {
			isa = PBXGroup;
			children = (
				073C19BC231E6056004B5B9F /* main.swift */,
				073C19B9231E5FD6004B5B9F /* Staircase.swift */,
				073C19C0231E677E004B5B9F /* Mini-MaxSum.swift */,
				073C19C2231E69D7004B5B9F /* BirthdayCakeCandies.swift */,
				073C19C6231E7755004B5B9F /* GameOfStones.swift */,
				073C19C4231E6AAA004B5B9F /* TimeConversion.swift */,
			);
			path = Hackerrank;
			sourceTree = "<group>";
		};
		384A22C922B3EE460047D20C = {
			isa = PBXGroup;
			children = (
				384A22D422B3EE460047D20C /* OtherAlgorithmPractice */,
				384A22D322B3EE460047D20C /* Products */,
			);
			sourceTree = "<group>";
		};
		384A22D322B3EE460047D20C /* Products */ = {
			isa = PBXGroup;
			children = (
				384A22D222B3EE460047D20C /* CommonAlgorithmPractice */,
			);
			name = Products;
			sourceTree = "<group>";
		};
		384A22D422B3EE460047D20C /* OtherAlgorithmPractice */ = {
			isa = PBXGroup;
			children = (
				384A22DE22B3EE610047D20C /* InsertionSort.cpp */,
				384A22DD22B3EE610047D20C /* SortingMethod_QuickSort.cpp */,
				384A22E122B3EE7B0047D20C /* isRotatedExam.cpp */,
				384A22E322B3EE870047D20C /* anagramExam.cpp */,
				073C19BB231E5FDF004B5B9F /* Hackerrank */,
			);
			path = OtherAlgorithmPractice;
			sourceTree = "<group>";
		};
/* End PBXGroup section */

/* Begin PBXNativeTarget section */
		384A22D122B3EE460047D20C /* CommonAlgorithmPractice */ = {
			isa = PBXNativeTarget;
			buildConfigurationList = 384A22D922B3EE460047D20C /* Build configuration list for PBXNativeTarget "CommonAlgorithmPractice" */;
			buildPhases = (
				384A22CE22B3EE460047D20C /* Sources */,
				384A22CF22B3EE460047D20C /* Frameworks */,
				384A22D022B3EE460047D20C /* CopyFiles */,
			);
			buildRules = (
			);
			dependencies = (
			);
			name = CommonAlgorithmPractice;
			productName = OtherAlgorithmPractice;
			productReference = 384A22D222B3EE460047D20C /* CommonAlgorithmPractice */;
			productType = "com.apple.product-type.tool";
		};
/* End PBXNativeTarget section */

/* Begin PBXProject section */
		384A22CA22B3EE460047D20C /* Project object */ = {
			isa = PBXProject;
			attributes = {
				LastSwiftUpdateCheck = 1020;
				LastUpgradeCheck = 1020;
				ORGANIZATIONNAME = "Min Kyeong Tae";
				TargetAttributes = {
					384A22D122B3EE460047D20C = {
						CreatedOnToolsVersion = 10.2.1;
						LastSwiftMigration = 1020;
					};
				};
			};
			buildConfigurationList = 384A22CD22B3EE460047D20C /* Build configuration list for PBXProject "CommonAlgorithmPractice" */;
			compatibilityVersion = "Xcode 9.3";
			developmentRegion = en;
			hasScannedForEncodings = 0;
			knownRegions = (
				en,
			);
			mainGroup = 384A22C922B3EE460047D20C;
			productRefGroup = 384A22D322B3EE460047D20C /* Products */;
			projectDirPath = "";
			projectRoot = "";
			targets = (
				384A22D122B3EE460047D20C /* CommonAlgorithmPractice */,
			);
		};
/* End PBXProject section */

/* Begin PBXSourcesBuildPhase section */
		384A22CE22B3EE460047D20C /* Sources */ = {
			isa = PBXSourcesBuildPhase;
			buildActionMask = 2147483647;
			files = (
				384A22E222B3EE7B0047D20C /* isRotatedExam.cpp in Sources */,
				073C19C1231E677E004B5B9F /* Mini-MaxSum.swift in Sources */,
				073C19C7231E7755004B5B9F /* GameOfStones.swift in Sources */,
				384A22DF22B3EE620047D20C /* SortingMethod_QuickSort.cpp in Sources */,
				073C19BD231E6056004B5B9F /* main.swift in Sources */,
				384A22E422B3EE870047D20C /* anagramExam.cpp in Sources */,
				384A22E022B3EE620047D20C /* InsertionSort.cpp in Sources */,
				073C19C5231E6AAA004B5B9F /* TimeConversion.swift in Sources */,
				073C19C3231E69D7004B5B9F /* BirthdayCakeCandies.swift in Sources */,
				073C19BA231E5FD6004B5B9F /* Staircase.swift in Sources */,
			);
			runOnlyForDeploymentPostprocessing = 0;
		};
/* End PBXSourcesBuildPhase section */

/* Begin XCBuildConfiguration section */
		384A22D722B3EE460047D20C /* Debug */ = {
			isa = XCBuildConfiguration;
			buildSettings = {
				ALWAYS_SEARCH_USER_PATHS = NO;
				CLANG_ANALYZER_NONNULL = YES;
				CLANG_ANALYZER_NUMBER_OBJECT_CONVERSION = YES_AGGRESSIVE;
				CLANG_CXX_LANGUAGE_STANDARD = "gnu++14";
				CLANG_CXX_LIBRARY = "libc++";
				CLANG_ENABLE_MODULES = YES;
				CLANG_ENABLE_OBJC_ARC = YES;
				CLANG_ENABLE_OBJC_WEAK = YES;
				CLANG_WARN_BLOCK_CAPTURE_AUTORELEASING = YES;
				CLANG_WARN_BOOL_CONVERSION = YES;
				CLANG_WARN_COMMA = YES;
				CLANG_WARN_CONSTANT_CONVERSION = YES;
				CLANG_WARN_DEPRECATED_OBJC_IMPLEMENTATIONS = YES;
				CLANG_WARN_DIRECT_OBJC_ISA_USAGE = YES_ERROR;
				CLANG_WARN_DOCUMENTATION_COMMENTS = YES;
				CLANG_WARN_EMPTY_BODY = YES;
				CLANG_WARN_ENUM_CONVERSION = YES;
				CLANG_WARN_INFINITE_RECURSION = YES;
				CLANG_WARN_INT_CONVERSION = YES;
				CLANG_WARN_NON_LITERAL_NULL_CONVERSION = YES;
				CLANG_WARN_OBJC_IMPLICIT_RETAIN_SELF = YES;
				CLANG_WARN_OBJC_LITERAL_CONVERSION = YES;
				CLANG_WARN_OBJC_ROOT_CLASS = YES_ERROR;
				CLANG_WARN_RANGE_LOOP_ANALYSIS = YES;
				CLANG_WARN_STRICT_PROTOTYPES = YES;
				CLANG_WARN_SUSPICIOUS_MOVE = YES;
				CLANG_WARN_UNGUARDED_AVAILABILITY = YES_AGGRESSIVE;
				CLANG_WARN_UNREACHABLE_CODE = YES;
				CLANG_WARN__DUPLICATE_METHOD_MATCH = YES;
				CODE_SIGN_IDENTITY = "-";
				COPY_PHASE_STRIP = NO;
				DEBUG_INFORMATION_FORMAT = dwarf;
				ENABLE_STRICT_OBJC_MSGSEND = YES;
				ENABLE_TESTABILITY = YES;
				GCC_C_LANGUAGE_STANDARD = gnu11;
				GCC_DYNAMIC_NO_PIC = NO;
				GCC_NO_COMMON_BLOCKS = YES;
				GCC_OPTIMIZATION_LEVEL = 0;
				GCC_PREPROCESSOR_DEFINITIONS = (
					"DEBUG=1",
					"$(inherited)",
				);
				GCC_WARN_64_TO_32_BIT_CONVERSION = YES;
				GCC_WARN_ABOUT_RETURN_TYPE = YES_ERROR;
				GCC_WARN_UNDECLARED_SELECTOR = YES;
				GCC_WARN_UNINITIALIZED_AUTOS = YES_AGGRESSIVE;
				GCC_WARN_UNUSED_FUNCTION = YES;
				GCC_WARN_UNUSED_VARIABLE = YES;
				MACOSX_DEPLOYMENT_TARGET = 10.14;
				MTL_ENABLE_DEBUG_INFO = INCLUDE_SOURCE;
				MTL_FAST_MATH = YES;
				ONLY_ACTIVE_ARCH = YES;
				SDKROOT = macosx;
				SWIFT_ACTIVE_COMPILATION_CONDITIONS = DEBUG;
				SWIFT_OPTIMIZATION_LEVEL = "-Onone";
			};
			name = Debug;
		};
		384A22D822B3EE460047D20C /* Release */ = {
			isa = XCBuildConfiguration;
			buildSettings = {
				ALWAYS_SEARCH_USER_PATHS = NO;
				CLANG_ANALYZER_NONNULL = YES;
				CLANG_ANALYZER_NUMBER_OBJECT_CONVERSION = YES_AGGRESSIVE;
				CLANG_CXX_LANGUAGE_STANDARD = "gnu++14";
				CLANG_CXX_LIBRARY = "libc++";
				CLANG_ENABLE_MODULES = YES;
				CLANG_ENABLE_OBJC_ARC = YES;
				CLANG_ENABLE_OBJC_WEAK = YES;
				CLANG_WARN_BLOCK_CAPTURE_AUTORELEASING = YES;
				CLANG_WARN_BOOL_CONVERSION = YES;
				CLANG_WARN_COMMA = YES;
				CLANG_WARN_CONSTANT_CONVERSION = YES;
				CLANG_WARN_DEPRECATED_OBJC_IMPLEMENTATIONS = YES;
				CLANG_WARN_DIRECT_OBJC_ISA_USAGE = YES_ERROR;
				CLANG_WARN_DOCUMENTATION_COMMENTS = YES;
				CLANG_WARN_EMPTY_BODY = YES;
				CLANG_WARN_ENUM_CONVERSION = YES;
				CLANG_WARN_INFINITE_RECURSION = YES;
				CLANG_WARN_INT_CONVERSION = YES;
				CLANG_WARN_NON_LITERAL_NULL_CONVERSION = YES;
				CLANG_WARN_OBJC_IMPLICIT_RETAIN_SELF = YES;
				CLANG_WARN_OBJC_LITERAL_CONVERSION = YES;
				CLANG_WARN_OBJC_ROOT_CLASS = YES_ERROR;
				CLANG_WARN_RANGE_LOOP_ANALYSIS = YES;
				CLANG_WARN_STRICT_PROTOTYPES = YES;
				CLANG_WARN_SUSPICIOUS_MOVE = YES;
				CLANG_WARN_UNGUARDED_AVAILABILITY = YES_AGGRESSIVE;
				CLANG_WARN_UNREACHABLE_CODE = YES;
				CLANG_WARN__DUPLICATE_METHOD_MATCH = YES;
				CODE_SIGN_IDENTITY = "-";
				COPY_PHASE_STRIP = NO;
				DEBUG_INFORMATION_FORMAT = "dwarf-with-dsym";
				ENABLE_NS_ASSERTIONS = NO;
				ENABLE_STRICT_OBJC_MSGSEND = YES;
				GCC_C_LANGUAGE_STANDARD = gnu11;
				GCC_NO_COMMON_BLOCKS = YES;
				GCC_WARN_64_TO_32_BIT_CONVERSION = YES;
				GCC_WARN_ABOUT_RETURN_TYPE = YES_ERROR;
				GCC_WARN_UNDECLARED_SELECTOR = YES;
				GCC_WARN_UNINITIALIZED_AUTOS = YES_AGGRESSIVE;
				GCC_WARN_UNUSED_FUNCTION = YES;
				GCC_WARN_UNUSED_VARIABLE = YES;
				MACOSX_DEPLOYMENT_TARGET = 10.14;
				MTL_ENABLE_DEBUG_INFO = NO;
				MTL_FAST_MATH = YES;
				SDKROOT = macosx;
				SWIFT_COMPILATION_MODE = wholemodule;
				SWIFT_OPTIMIZATION_LEVEL = "-O";
			};
			name = Release;
		};
		384A22DA22B3EE460047D20C /* Debug */ = {
			isa = XCBuildConfiguration;
			buildSettings = {
				CLANG_ENABLE_MODULES = YES;
				CODE_SIGN_STYLE = Automatic;
				LD_RUNPATH_SEARCH_PATHS = (
					"$(inherited)",
					"@executable_path/../Frameworks",
					"@loader_path/../Frameworks",
				);
				PRODUCT_NAME = "$(TARGET_NAME)";
				SWIFT_OBJC_BRIDGING_HEADER = "OtherAlgorithmPractice/OtherAlgorithmPractice-Bridging-Header.h";
				SWIFT_OPTIMIZATION_LEVEL = "-Onone";
				SWIFT_VERSION = 5.0;
			};
			name = Debug;
		};
		384A22DB22B3EE460047D20C /* Release */ = {
			isa = XCBuildConfiguration;
			buildSettings = {
				CLANG_ENABLE_MODULES = YES;
				CODE_SIGN_STYLE = Automatic;
				LD_RUNPATH_SEARCH_PATHS = (
					"$(inherited)",
					"@executable_path/../Frameworks",
					"@loader_path/../Frameworks",
				);
				PRODUCT_NAME = "$(TARGET_NAME)";
				SWIFT_OBJC_BRIDGING_HEADER = "OtherAlgorithmPractice/OtherAlgorithmPractice-Bridging-Header.h";
				SWIFT_VERSION = 5.0;
			};
			name = Release;
		};
/* End XCBuildConfiguration section */

/* Begin XCConfigurationList section */
		384A22CD22B3EE460047D20C /* Build configuration list for PBXProject "CommonAlgorithmPractice" */ = {
			isa = XCConfigurationList;
			buildConfigurations = (
				384A22D722B3EE460047D20C /* Debug */,
				384A22D822B3EE460047D20C /* Release */,
			);
			defaultConfigurationIsVisible = 0;
			defaultConfigurationName = Release;
		};
		384A22D922B3EE460047D20C /* Build configuration list for PBXNativeTarget "CommonAlgorithmPractice" */ = {
			isa = XCConfigurationList;
			buildConfigurations = (
				384A22DA22B3EE460047D20C /* Debug */,
				384A22DB22B3EE460047D20C /* Release */,
			);
			defaultConfigurationIsVisible = 0;
			defaultConfigurationName = Release;
		};
/* End XCConfigurationList section */
	};
	rootObject = 384A22CA22B3EE460047D20C /* Project object */;
}
